
Microsoft Visual Studio Solution File, Format Version 12.00
# Visual Studio 15
VisualStudioVersion = 15.0.28307.106
MinimumVisualStudioVersion = 10.0.40219.1
Project("{FAE04EC0-301F-11D3-BF4B-00C04F79EFBC}") = "keyboard", "keyboard\keyboard.csproj", "{D80DA225-0057-442B-B86A-A75D232F7D98}"
EndProject
Global
	GlobalSection(SolutionConfigurationPlatforms) = preSolution
		Debug|Any CPU = Debug|Any CPU
		Release|Any CPU = Release|Any CPU
	EndGlobalSection
	GlobalSection(ProjectConfigurationPlatforms) = postSolution
		{D80DA225-0057-442B-B86A-A75D232F7D98}.Debug|Any CPU.ActiveCfg = Debug|Any CPU
		{D80DA225-0057-442B-B86A-A75D232F7D98}.Debug|Any CPU.Build.0 = Debug|Any CPU
		{D80DA225-0057-442B-B86A-A75D232F7D98}.Release|Any CPU.ActiveCfg = Release|Any CPU
		{D80DA225-0057-442B-B86A-A75D232F7D98}.Release|Any CPU.Build.0 = Release|Any CPU
	EndGlobalSection
	GlobalSection(SolutionProperties) = preSolution
		HideSolutionNode = FALSE
	EndGlobalSection
	GlobalSection(ExtensibilityGlobals) = postSolution
		SolutionGuid = {B82542E6-4457-408C-9F3D-5BF724EF8553}
	EndGlobalSection
EndGlobal
